// !$*UTF8*$!
{
	archiveVersion = 1;
	classes = {
	};
	objectVersion = 50;
	objects = {

/* Begin PBXBuildFile section */
		F066A30421BC4EAC0095535F /* Post.swift in Sources */ = {isa = PBXBuildFile; fileRef = F066A30321BC4EAC0095535F /* Post.swift */; };
		F0683F5021BDB09400A8C210 /* Assets.xcassets in Resources */ = {isa = PBXBuildFile; fileRef = F0683F4F21BDB09400A8C210 /* Assets.xcassets */; };
		F073400921B950A300CF7B1F /* AppDelegate.swift in Sources */ = {isa = PBXBuildFile; fileRef = F073400821B950A300CF7B1F /* AppDelegate.swift */; };
		F073400B21B950A300CF7B1F /* ViewController.swift in Sources */ = {isa = PBXBuildFile; fileRef = F073400A21B950A300CF7B1F /* ViewController.swift */; };
		F073401321B950A400CF7B1F /* LaunchScreen.storyboard in Resources */ = {isa = PBXBuildFile; fileRef = F073401121B950A400CF7B1F /* LaunchScreen.storyboard */; };
		F0D3632E21BB081900602950 /* NewsfeedVC.swift in Sources */ = {isa = PBXBuildFile; fileRef = F0D3632D21BB081900602950 /* NewsfeedVC.swift */; };
		F0D3633021BB120F00602950 /* NewsfeedCollectionViewCell.swift in Sources */ = {isa = PBXBuildFile; fileRef = F0D3632F21BB120F00602950 /* NewsfeedCollectionViewCell.swift */; };
		F0D3633221BB13CC00602950 /* Extentions.swift in Sources */ = {isa = PBXBuildFile; fileRef = F0D3633121BB13CC00602950 /* Extentions.swift */; };
/* End PBXBuildFile section */

/* Begin PBXFileReference section */
		F066A30321BC4EAC0095535F /* Post.swift */ = {isa = PBXFileReference; lastKnownFileType = sourcecode.swift; path = Post.swift; sourceTree = "<group>"; };
		F0683F4F21BDB09400A8C210 /* Assets.xcassets */ = {isa = PBXFileReference; lastKnownFileType = folder.assetcatalog; path = Assets.xcassets; sourceTree = "<group>"; };
		F073400521B950A300CF7B1F /* FacebookNewsfeed.app */ = {isa = PBXFileReference; explicitFileType = wrapper.application; includeInIndex = 0; path = FacebookNewsfeed.app; sourceTree = BUILT_PRODUCTS_DIR; };
		F073400821B950A300CF7B1F /* AppDelegate.swift */ = {isa = PBXFileReference; lastKnownFileType = sourcecode.swift; path = AppDelegate.swift; sourceTree = "<group>"; };
		F073400A21B950A300CF7B1F /* ViewController.swift */ = {isa = PBXFileReference; lastKnownFileType = sourcecode.swift; path = ViewController.swift; sourceTree = "<group>"; };
		F073401221B950A400CF7B1F /* Base */ = {isa = PBXFileReference; lastKnownFileType = file.storyboard; name = Base; path = Base.lproj/LaunchScreen.storyboard; sourceTree = "<group>"; };
		F073401421B950A400CF7B1F /* Info.plist */ = {isa = PBXFileReference; lastKnownFileType = text.plist.xml; path = Info.plist; sourceTree = "<group>"; };
		F0D3632D21BB081900602950 /* NewsfeedVC.swift */ = {isa = PBXFileReference; lastKnownFileType = sourcecode.swift; path = NewsfeedVC.swift; sourceTree = "<group>"; };
		F0D3632F21BB120F00602950 /* NewsfeedCollectionViewCell.swift */ = {isa = PBXFileReference; lastKnownFileType = sourcecode.swift; path = NewsfeedCollectionViewCell.swift; sourceTree = "<group>"; };
		F0D3633121BB13CC00602950 /* Extentions.swift */ = {isa = PBXFileReference; lastKnownFileType = sourcecode.swift; path = Extentions.swift; sourceTree = "<group>"; };
/* End PBXFileReference section */

/* Begin PBXFrameworksBuildPhase section */
		F073400221B950A300CF7B1F /* Frameworks */ = {
			isa = PBXFrameworksBuildPhase;
			buildActionMask = 2147483647;
			files = (
			);
			runOnlyForDeploymentPostprocessing = 0;
		};
/* End PBXFrameworksBuildPhase section */

/* Begin PBXGroup section */
		F0733FFC21B950A300CF7B1F = {
			isa = PBXGroup;
			children = (
				F073400721B950A300CF7B1F /* FacebookNewsfeed */,
				F073400621B950A300CF7B1F /* Products */,
			);
			sourceTree = "<group>";
		};
		F073400621B950A300CF7B1F /* Products */ = {
			isa = PBXGroup;
			children = (
				F073400521B950A300CF7B1F /* FacebookNewsfeed.app */,
			);
			name = Products;
			sourceTree = "<group>";
		};
		F073400721B950A300CF7B1F /* FacebookNewsfeed */ = {
			isa = PBXGroup;
			children = (
				F073400821B950A300CF7B1F /* AppDelegate.swift */,
				F0D3632D21BB081900602950 /* NewsfeedVC.swift */,
				F066A30321BC4EAC0095535F /* Post.swift */,
				F0D3633121BB13CC00602950 /* Extentions.swift */,
				F0D3632F21BB120F00602950 /* NewsfeedCollectionViewCell.swift */,
				F073400A21B950A300CF7B1F /* ViewController.swift */,
				F073401121B950A400CF7B1F /* LaunchScreen.storyboard */,
				F0683F4F21BDB09400A8C210 /* Assets.xcassets */,
				F073401421B950A400CF7B1F /* Info.plist */,
			);
			path = FacebookNewsfeed;
			sourceTree = "<group>";
		};
/* End PBXGroup section */

/* Begin PBXNativeTarget section */
		F073400421B950A300CF7B1F /* FacebookNewsfeed */ = {
			isa = PBXNativeTarget;
			buildConfigurationList = F073401721B950A400CF7B1F /* Build configuration list for PBXNativeTarget "FacebookNewsfeed" */;
			buildPhases = (
				F073400121B950A300CF7B1F /* Sources */,
				F073400221B950A300CF7B1F /* Frameworks */,
				F073400321B950A300CF7B1F /* Resources */,
			);
			buildRules = (
			);
			dependencies = (
			);
			name = FacebookNewsfeed;
			productName = FacebookNewsfeed;
			productReference = F073400521B950A300CF7B1F /* FacebookNewsfeed.app */;
			productType = "com.apple.product-type.application";
		};
/* End PBXNativeTarget section */

/* Begin PBXProject section */
		F0733FFD21B950A300CF7B1F /* Project object */ = {
			isa = PBXProject;
			attributes = {
				LastSwiftUpdateCheck = 1010;
				LastUpgradeCheck = 1010;
				ORGANIZATIONNAME = "Алексей Пархоменко";
				TargetAttributes = {
					F073400421B950A300CF7B1F = {
						CreatedOnToolsVersion = 10.1;
					};
				};
			};
			buildConfigurationList = F073400021B950A300CF7B1F /* Build configuration list for PBXProject "FacebookNewsfeed" */;
			compatibilityVersion = "Xcode 9.3";
			developmentRegion = en;
			hasScannedForEncodings = 0;
			knownRegions = (
				en,
				Base,
			);
			mainGroup = F0733FFC21B950A300CF7B1F;
			productRefGroup = F073400621B950A300CF7B1F /* Products */;
			projectDirPath = "";
			projectRoot = "";
			targets = (
				F073400421B950A300CF7B1F /* FacebookNewsfeed */,
			);
		};
/* End PBXProject section */

/* Begin PBXResourcesBuildPhase section */
		F073400321B950A300CF7B1F /* Resources */ = {
			isa = PBXResourcesBuildPhase;
			buildActionMask = 2147483647;
			files = (
				F0683F5021BDB09400A8C210 /* Assets.xcassets in Resources */,
				F073401321B950A400CF7B1F /* LaunchScreen.storyboard in Resources */,
			);
			runOnlyForDeploymentPostprocessing = 0;
		};
/* End PBXResourcesBuildPhase section */

/* Begin PBXSourcesBuildPhase section */
		F073400121B950A300CF7B1F /* Sources */ = {
			isa = PBXSourcesBuildPhase;
			buildActionMask = 2147483647;
			files = (
				F0D3632E21BB081900602950 /* NewsfeedVC.swift in Sources */,
				F073400B21B950A300CF7B1F /* ViewController.swift in Sources */,
				F0D3633221BB13CC00602950 /* Extentions.swift in Sources */,
				F066A30421BC4EAC0095535F /* Post.swift in Sources */,
				F0D3633021BB120F00602950 /* NewsfeedCollectionViewCell.swift in Sources */,
				F073400921B950A300CF7B1F /* AppDelegate.swift in Sources */,
			);
			runOnlyForDeploymentPostprocessing = 0;
		};
/* End PBXSourcesBuildPhase section */

/* Begin PBXVariantGroup section */
		F073401121B950A400CF7B1F /* LaunchScreen.storyboard */ = {
			isa = PBXVariantGroup;
			children = (
				F073401221B950A400CF7B1F /* Base */,
			);
			name = LaunchScreen.storyboard;
			sourceTree = "<group>";
		};
/* End PBXVariantGroup section */

/* Begin XCBuildConfiguration section */
		F073401521B950A400CF7B1F /* Debug */ = {
			isa = XCBuildConfiguration;
			buildSettings = {
				ALWAYS_SEARCH_USER_PATHS = NO;
				CLANG_ANALYZER_NONNULL = YES;
				CLANG_ANALYZER_NUMBER_OBJECT_CONVERSION = YES_AGGRESSIVE;
				CLANG_CXX_LANGUAGE_STANDARD = "gnu++14";
				CLANG_CXX_LIBRARY = "libc++";
				CLANG_ENABLE_MODULES = YES;
				CLANG_ENABLE_OBJC_ARC = YES;
				CLANG_ENABLE_OBJC_WEAK = YES;
				CLANG_WARN_BLOCK_CAPTURE_AUTORELEASING = YES;
				CLANG_WARN_BOOL_CONVERSION = YES;
				CLANG_WARN_COMMA = YES;
				CLANG_WARN_CONSTANT_CONVERSION = YES;
				CLANG_WARN_DEPRECATED_OBJC_IMPLEMENTATIONS = YES;
				CLANG_WARN_DIRECT_OBJC_ISA_USAGE = YES_ERROR;
				CLANG_WARN_DOCUMENTATION_COMMENTS = YES;
				CLANG_WARN_EMPTY_BODY = YES;
				CLANG_WARN_ENUM_CONVERSION = YES;
				CLANG_WARN_INFINITE_RECURSION = YES;
				CLANG_WARN_INT_CONVERSION = YES;
				CLANG_WARN_NON_LITERAL_NULL_CONVERSION = YES;
				CLANG_WARN_OBJC_IMPLICIT_RETAIN_SELF = YES;
				CLANG_WARN_OBJC_LITERAL_CONVERSION = YES;
				CLANG_WARN_OBJC_ROOT_CLASS = YES_ERROR;
				CLANG_WARN_RANGE_LOOP_ANALYSIS = YES;
				CLANG_WARN_STRICT_PROTOTYPES = YES;
				CLANG_WARN_SUSPICIOUS_MOVE = YES;
				CLANG_WARN_UNGUARDED_AVAILABILITY = YES_AGGRESSIVE;
				CLANG_WARN_UNREACHABLE_CODE = YES;
				CLANG_WARN__DUPLICATE_METHOD_MATCH = YES;
				CODE_SIGN_IDENTITY = "iPhone Developer";
				COPY_PHASE_STRIP = NO;
				DEBUG_INFORMATION_FORMAT = dwarf;
				ENABLE_STRICT_OBJC_MSGSEND = YES;
				ENABLE_TESTABILITY = YES;
				GCC_C_LANGUAGE_STANDARD = gnu11;
				GCC_DYNAMIC_NO_PIC = NO;
				GCC_NO_COMMON_BLOCKS = YES;
				GCC_OPTIMIZATION_LEVEL = 0;
				GCC_PREPROCESSOR_DEFINITIONS = (
					"DEBUG=1",
					"$(inherited)",
				);
				GCC_WARN_64_TO_32_BIT_CONVERSION = YES;
				GCC_WARN_ABOUT_RETURN_TYPE = YES_ERROR;
				GCC_WARN_UNDECLARED_SELECTOR = YES;
				GCC_WARN_UNINITIALIZED_AUTOS = YES_AGGRESSIVE;
				GCC_WARN_UNUSED_FUNCTION = YES;
				GCC_WARN_UNUSED_VARIABLE = YES;
				IPHONEOS_DEPLOYMENT_TARGET = 12.1;
				MTL_ENABLE_DEBUG_INFO = INCLUDE_SOURCE;
				MTL_FAST_MATH = YES;
				ONLY_ACTIVE_ARCH = YES;
				SDKROOT = iphoneos;
				SWIFT_ACTIVE_COMPILATION_CONDITIONS = DEBUG;
				SWIFT_OPTIMIZATION_LEVEL = "-Onone";
			};
			name = Debug;
		};
		F073401621B950A400CF7B1F /* Release */ = {
			isa = XCBuildConfiguration;
			buildSettings = {
				ALWAYS_SEARCH_USER_PATHS = NO;
				CLANG_ANALYZER_NONNULL = YES;
				CLANG_ANALYZER_NUMBER_OBJECT_CONVERSION = YES_AGGRESSIVE;
				CLANG_CXX_LANGUAGE_STANDARD = "gnu++14";
				CLANG_CXX_LIBRARY = "libc++";
				CLANG_ENABLE_MODULES = YES;
				CLANG_ENABLE_OBJC_ARC = YES;
				CLANG_ENABLE_OBJC_WEAK = YES;
				CLANG_WARN_BLOCK_CAPTURE_AUTORELEASING = YES;
				CLANG_WARN_BOOL_CONVERSION = YES;
				CLANG_WARN_COMMA = YES;
				CLANG_WARN_CONSTANT_CONVERSION = YES;
				CLANG_WARN_DEPRECATED_OBJC_IMPLEMENTATIONS = YES;
				CLANG_WARN_DIRECT_OBJC_ISA_USAGE = YES_ERROR;
				CLANG_WARN_DOCUMENTATION_COMMENTS = YES;
				CLANG_WARN_EMPTY_BODY = YES;
				CLANG_WARN_ENUM_CONVERSION = YES;
				CLANG_WARN_INFINITE_RECURSION = YES;
				CLANG_WARN_INT_CONVERSION = YES;
				CLANG_WARN_NON_LITERAL_NULL_CONVERSION = YES;
				CLANG_WARN_OBJC_IMPLICIT_RETAIN_SELF = YES;
				CLANG_WARN_OBJC_LITERAL_CONVERSION = YES;
				CLANG_WARN_OBJC_ROOT_CLASS = YES_ERROR;
				CLANG_WARN_RANGE_LOOP_ANALYSIS = YES;
				CLANG_WARN_STRICT_PROTOTYPES = YES;
				CLANG_WARN_SUSPICIOUS_MOVE = YES;
				CLANG_WARN_UNGUARDED_AVAILABILITY = YES_AGGRESSIVE;
				CLANG_WARN_UNREACHABLE_CODE = YES;
				CLANG_WARN__DUPLICATE_METHOD_MATCH = YES;
				CODE_SIGN_IDENTITY = "iPhone Developer";
				COPY_PHASE_STRIP = NO;
				DEBUG_INFORMATION_FORMAT = "dwarf-with-dsym";
				ENABLE_NS_ASSERTIONS = NO;
				ENABLE_STRICT_OBJC_MSGSEND = YES;
				GCC_C_LANGUAGE_STANDARD = gnu11;
				GCC_NO_COMMON_BLOCKS = YES;
				GCC_WARN_64_TO_32_BIT_CONVERSION = YES;
				GCC_WARN_ABOUT_RETURN_TYPE = YES_ERROR;
				GCC_WARN_UNDECLARED_SELECTOR = YES;
				GCC_WARN_UNINITIALIZED_AUTOS = YES_AGGRESSIVE;
				GCC_WARN_UNUSED_FUNCTION = YES;
				GCC_WARN_UNUSED_VARIABLE = YES;
				IPHONEOS_DEPLOYMENT_TARGET = 12.1;
				MTL_ENABLE_DEBUG_INFO = NO;
				MTL_FAST_MATH = YES;
				SDKROOT = iphoneos;
				SWIFT_COMPILATION_MODE = wholemodule;
				SWIFT_OPTIMIZATION_LEVEL = "-O";
				VALIDATE_PRODUCT = YES;
			};
			name = Release;
		};
		F073401821B950A400CF7B1F /* Debug */ = {
			isa = XCBuildConfiguration;
			buildSettings = {
				ASSETCATALOG_COMPILER_APPICON_NAME = AppIcon;
				CODE_SIGN_STYLE = Automatic;
				INFOPLIST_FILE = FacebookNewsfeed/Info.plist;
				LD_RUNPATH_SEARCH_PATHS = (
					"$(inherited)",
					"@executable_path/Frameworks",
				);
				PRODUCT_BUNDLE_IDENTIFIER = com.alexeyParkhomenko.FacebookNewsfeed;
				PRODUCT_NAME = "$(TARGET_NAME)";
				SWIFT_VERSION = 4.2;
				TARGETED_DEVICE_FAMILY = "1,2";
			};
			name = Debug;
		};
		F073401921B950A400CF7B1F /* Release */ = {
			isa = XCBuildConfiguration;
			buildSettings = {
				ASSETCATALOG_COMPILER_APPICON_NAME = AppIcon;
				CODE_SIGN_STYLE = Automatic;
				INFOPLIST_FILE = FacebookNewsfeed/Info.plist;
				LD_RUNPATH_SEARCH_PATHS = (
					"$(inherited)",
					"@executable_path/Frameworks",
				);
				PRODUCT_BUNDLE_IDENTIFIER = com.alexeyParkhomenko.FacebookNewsfeed;
				PRODUCT_NAME = "$(TARGET_NAME)";
				SWIFT_VERSION = 4.2;
				TARGETED_DEVICE_FAMILY = "1,2";
			};
			name = Release;
		};
/* End XCBuildConfiguration section */

/* Begin XCConfigurationList section */
		F073400021B950A300CF7B1F /* Build configuration list for PBXProject "FacebookNewsfeed" */ = {
			isa = XCConfigurationList;
			buildConfigurations = (
				F073401521B950A400CF7B1F /* Debug */,
				F073401621B950A400CF7B1F /* Release */,
			);
			defaultConfigurationIsVisible = 0;
			defaultConfigurationName = Release;
		};
		F073401721B950A400CF7B1F /* Build configuration list for PBXNativeTarget "FacebookNewsfeed" */ = {
			isa = XCConfigurationList;
			buildConfigurations = (
				F073401821B950A400CF7B1F /* Debug */,
				F073401921B950A400CF7B1F /* Release */,
			);
			defaultConfigurationIsVisible = 0;
			defaultConfigurationName = Release;
		};
/* End XCConfigurationList section */
	};
	rootObject = F0733FFD21B950A300CF7B1F /* Project object */;
}
